# This file was autogenerated by Stack.
# You should not edit this file by hand.
# For more information, please see the documentation at:
#   https://docs.haskellstack.org/en/stable/lock_files

packages:
- completed:
    size: 10824
    filepath: /home/timothy/prog/python-pickle/dist-newstyle/sdist/python-pickle-0.2.3.tar.gz
    name: python-pickle
    version: 0.2.3
    sha256: df9d0ee61907ebea5e12385ad364f9491f2c6de9ff6156aff70c7fb6f40d7b8a
    pantry-tree:
      size: 341
      sha256: d1cf7d90c44003bf221fadcc47f2002fe32000709961344ded1a2d2df9878633
  original:
    filepath: /home/timothy/prog/python-pickle/dist-newstyle/sdist/python-pickle-0.2.3.tar.gz
snapshots:
- completed:
    size: 618507
    url: https://raw.githubusercontent.com/commercialhaskell/stackage-snapshots/master/lts/19/9.yaml
    sha256: 190a93d09d9d7bccc78a0f00d6fc0350eed76bc533611e5971202800805dd00e
  original: lts-19.9
